
Microsoft Visual Studio Solution File, Format Version 10.00
# Visual Studio 2008
Project("{8BC9CEB8-8B4A-11D0-8D11-00A0C91BC942}") = "BHIVE", "BHIVE.vcproj", "{65FB8C13-217D-41AE-BA82-567D0F7E1A02}"
EndProject
Global
	GlobalSection(SolutionConfigurationPlatforms) = preSolution
		Debug|Win32 = Debug|Win32
		Release|Win32 = Release|Win32
	EndGlobalSection
	GlobalSection(ProjectConfigurationPlatforms) = postSolution
		{65FB8C13-217D-41AE-BA82-567D0F7E1A02}.Debug|Win32.ActiveCfg = Debug|Win32
		{65FB8C13-217D-41AE-BA82-567D0F7E1A02}.Debug|Win32.Build.0 = Debug|Win32
		{65FB8C13-217D-41AE-BA82-567D0F7E1A02}.Release|Win32.ActiveCfg = Release|Win32
		{65FB8C13-217D-41AE-BA82-567D0F7E1A02}.Release|Win32.Build.0 = Release|Win32
	EndGlobalSection
	GlobalSection(SolutionProperties) = preSolution
		HideSolutionNode = FALSE
	EndGlobalSection
EndGlobal
